
Microsoft Visual Studio Solution File, Format Version 12.00
# Visual Studio Version 16
VisualStudioVersion = 16.0.33927.289
MinimumVisualStudioVersion = 10.0.40219.1
Project("{9A19103F-16F7-4668-BE54-9A1E7A4F7556}") = "CursoGit", "CursoGit.csproj", "{BF415A9D-0E8F-43DF-8FD9-EB6A5F351338}"
EndProject
Global
	GlobalSection(SolutionConfigurationPlatforms) = preSolution
		Debug|Any CPU = Debug|Any CPU
		Release|Any CPU = Release|Any CPU
	EndGlobalSection
	GlobalSection(ProjectConfigurationPlatforms) = postSolution
		{BF415A9D-0E8F-43DF-8FD9-EB6A5F351338}.Debug|Any CPU.ActiveCfg = Debug|Any CPU
		{BF415A9D-0E8F-43DF-8FD9-EB6A5F351338}.Debug|Any CPU.Build.0 = Debug|Any CPU
		{BF415A9D-0E8F-43DF-8FD9-EB6A5F351338}.Release|Any CPU.ActiveCfg = Release|Any CPU
		{BF415A9D-0E8F-43DF-8FD9-EB6A5F351338}.Release|Any CPU.Build.0 = Release|Any CPU
	EndGlobalSection
	GlobalSection(SolutionProperties) = preSolution
		HideSolutionNode = FALSE
	EndGlobalSection
	GlobalSection(ExtensibilityGlobals) = postSolution
		SolutionGuid = {7FC25F55-E6DD-4D11-B258-DC20195EC651}
	EndGlobalSection
EndGlobal
