
Microsoft Visual Studio Solution File, Format Version 12.00
# Visual Studio Version 16
VisualStudioVersion = 16.0.33927.289
MinimumVisualStudioVersion = 10.0.40219.1
Project("{9A19103F-16F7-4668-BE54-9A1E7A4F7556}") = "CursoGit", "CursoGit.csproj", "{540E226A-4DEB-404A-A4CA-406A97C788FF}"
EndProject
Global
	GlobalSection(SolutionConfigurationPlatforms) = preSolution
		Debug|Any CPU = Debug|Any CPU
		Release|Any CPU = Release|Any CPU
	EndGlobalSection
	GlobalSection(ProjectConfigurationPlatforms) = postSolution
		{540E226A-4DEB-404A-A4CA-406A97C788FF}.Debug|Any CPU.ActiveCfg = Debug|Any CPU
		{540E226A-4DEB-404A-A4CA-406A97C788FF}.Debug|Any CPU.Build.0 = Debug|Any CPU
		{540E226A-4DEB-404A-A4CA-406A97C788FF}.Release|Any CPU.ActiveCfg = Release|Any CPU
		{540E226A-4DEB-404A-A4CA-406A97C788FF}.Release|Any CPU.Build.0 = Release|Any CPU
	EndGlobalSection
	GlobalSection(SolutionProperties) = preSolution
		HideSolutionNode = FALSE
	EndGlobalSection
	GlobalSection(ExtensibilityGlobals) = postSolution
		SolutionGuid = {4237524C-5E95-4F9E-802F-3662025E46CC}
	EndGlobalSection
EndGlobal
